
Microsoft Visual Studio Solution File, Format Version 12.00
# Visual Studio Version 17
VisualStudioVersion = 17.4.33122.133
MinimumVisualStudioVersion = 10.0.40219.1
Project("{FAE04EC0-301F-11D3-BF4B-00C04F79EFBC}") = "drogueriaInventario", "drogueriaInventario\drogueriaInventario.csproj", "{6A6D45EB-7CC8-4CDE-82F3-7107A7157D2F}"
EndProject
Global
	GlobalSection(SolutionConfigurationPlatforms) = preSolution
		Debug|Any CPU = Debug|Any CPU
		Release|Any CPU = Release|Any CPU
	EndGlobalSection
	GlobalSection(ProjectConfigurationPlatforms) = postSolution
		{6A6D45EB-7CC8-4CDE-82F3-7107A7157D2F}.Debug|Any CPU.ActiveCfg = Debug|Any CPU
		{6A6D45EB-7CC8-4CDE-82F3-7107A7157D2F}.Debug|Any CPU.Build.0 = Debug|Any CPU
		{6A6D45EB-7CC8-4CDE-82F3-7107A7157D2F}.Release|Any CPU.ActiveCfg = Release|Any CPU
		{6A6D45EB-7CC8-4CDE-82F3-7107A7157D2F}.Release|Any CPU.Build.0 = Release|Any CPU
	EndGlobalSection
	GlobalSection(SolutionProperties) = preSolution
		HideSolutionNode = FALSE
	EndGlobalSection
	GlobalSection(ExtensibilityGlobals) = postSolution
		SolutionGuid = {0CEB2F29-4324-400A-AD0E-05307767FF50}
	EndGlobalSection
EndGlobal
